<?xml version="1.0" encoding="utf-8"?>
<Project ToolsVersion="4.0" xmlns="http://schemas.microsoft.com/developer/msbuild/2003">
  <ItemGroup>
    <Filter Include="Math">
      <UniqueIdentifier>{f61a16b2-796b-48ed-b492-4efcab9aa19d}</UniqueIdentifier>
    </Filter>
    <Filter Include="Win32">
      <UniqueIdentifier>{7f36b0fa-fbd2-4ee3-b633-8a6e2e9d8aa0}</UniqueIdentifier>
    </Filter>
    <Filter Include="Resources">
      <UniqueIdentifier>{85c5f215-2cee-4027-9a5e-867b7d3d670d}</UniqueIdentifier>
    </Filter>
    <Filter Include="Threads">
      <UniqueIdentifier>{9c14478a-5ad7-454a-97a5-7859adfc87a7}</UniqueIdentifier>
    </Filter>
    <Filter Include="Common">
      <UniqueIdentifier>{c4df5907-9921-4b51-86e2-409c182aae05}</UniqueIdentifier>
    </Filter>
    <Filter Include="Geometry">
      <UniqueIdentifier>{206d47a0-b916-42be-9fbe-ee8ea07e3061}</UniqueIdentifier>
    </Filter>
    <Filter Include="Design">
      <UniqueIdentifier>{11733e68-4792-4c5e-b6d0-85af8be04cf9}</UniqueIdentifier>
    </Filter>
  </ItemGroup>
  <ItemGroup>
    <ClInclude Include="src\Math\Box.h">
      <Filter>Math</Filter>
    </ClInclude>
    <ClInclude Include="src\Math\Math.h">
      <Filter>Math</Filter>
    </ClInclude>
    <ClInclude Include="src\Math\Plane.h">
      <Filter>Math</Filter>
    </ClInclude>
    <ClInclude Include="src\Math\Ray.h">
      <Filter>Math</Filter>
    </ClInclude>
    <ClInclude Include="src\Math\Rectangle.h">
      <Filter>Math</Filter>
    </ClInclude>
    <ClInclude Include="src\Win32\EmbeddedResources.h">
      <Filter>Win32</Filter>
    </ClInclude>
    <ClInclude Include="src\Win32\MemCheck.h">
      <Filter>Win32</Filter>
    </ClInclude>
    <ClInclude Include="src\Win32\Win32.h">
      <Filter>Win32</Filter>
    </ClInclude>
    <ClInclude Include="src\Resources\R.h">
      <Filter>Resources</Filter>
    </ClInclude>
    <ClInclude Include="src\Threads\Event.h">
      <Filter>Threads</Filter>
    </ClInclude>
    <ClInclude Include="src\Threads\Mutex.h">
      <Filter>Threads</Filter>
    </ClInclude>
    <ClInclude Include="src\Threads\MutexLocker.h">
      <Filter>Threads</Filter>
    </ClInclude>
    <ClInclude Include="src\Threads\Thread.h">
      <Filter>Threads</Filter>
    </ClInclude>
    <ClInclude Include="src\S2CommonAPI.h" />
    <ClInclude Include="src\Win32\Timer.h">
      <Filter>Win32</Filter>
    </ClInclude>
    <ClInclude Include="src\Geometry\Geometry.h">
      <Filter>Geometry</Filter>
    </ClInclude>
    <ClInclude Include="src\Geometry\Interpolation.h">
      <Filter>Geometry</Filter>
    </ClInclude>
    <ClInclude Include="src\Geometry\Intersection.h">
      <Filter>Geometry</Filter>
    </ClInclude>
    <ClInclude Include="src\Common\Callback.h">
      <Filter>Common</Filter>
    </ClInclude>
    <ClInclude Include="src\Common\Color.h">
      <Filter>Common</Filter>
    </ClInclude>
    <ClInclude Include="src\Common\Strings.h">
      <Filter>Common</Filter>
    </ClInclude>
    <ClInclude Include="src\Common\TimedBlock.h">
      <Filter>Common</Filter>
    </ClInclude>
    <ClInclude Include="src\Common\Utils.h">
      <Filter>Common</Filter>
    </ClInclude>
    <ClInclude Include="src\Design\Observer.h">
      <Filter>Design</Filter>
    </ClInclude>
    <ClInclude Include="src\Design\State.h">
      <Filter>Design</Filter>
    </ClInclude>
    <ClInclude Include="src\Common\Types.h">
      <Filter>Common</Filter>
    </ClInclude>
  </ItemGroup>
  <ItemGroup>
    <ClCompile Include="src\Win32\EmbeddedResources.cpp">
      <Filter>Win32</Filter>
    </ClCompile>
    <ClCompile Include="src\Win32\Win32.cpp">
      <Filter>Win32</Filter>
    </ClCompile>
    <ClCompile Include="src\Resources\R.cpp">
      <Filter>Resources</Filter>
    </ClCompile>
    <ClCompile Include="src\Threads\Event.cpp">
      <Filter>Threads</Filter>
    </ClCompile>
    <ClCompile Include="src\Threads\Mutex.cpp">
      <Filter>Threads</Filter>
    </ClCompile>
    <ClCompile Include="src\Threads\MutexLocker.cpp">
      <Filter>Threads</Filter>
    </ClCompile>
    <ClCompile Include="src\Threads\Thread.cpp">
      <Filter>Threads</Filter>
    </ClCompile>
    <ClCompile Include="src\Win32\Timer.cpp">
      <Filter>Win32</Filter>
    </ClCompile>
    <ClCompile Include="src\Geometry\Geometry.cpp">
      <Filter>Geometry</Filter>
    </ClCompile>
    <ClCompile Include="src\Geometry\Interpolation.cpp">
      <Filter>Geometry</Filter>
    </ClCompile>
    <ClCompile Include="src\Geometry\Intersection.cpp">
      <Filter>Geometry</Filter>
    </ClCompile>
    <ClCompile Include="src\Common\Color.cpp">
      <Filter>Common</Filter>
    </ClCompile>
    <ClCompile Include="src\Design\Observer.cpp">
      <Filter>Design</Filter>
    </ClCompile>
  </ItemGroup>
</Project>