
Microsoft Visual Studio Solution File, Format Version 12.00
# Visual Studio 14
VisualStudioVersion = 14.0.25420.1
MinimumVisualStudioVersion = 10.0.40219.1
Project("{8BC9CEB8-8B4A-11D0-8D11-00A0C91BC942}") = "S2Framework", "S2Framework\S2Framework.vcxproj", "{1B069435-A4B9-4ECD-9346-C2A9FF27C041}"
EndProject
Project("{8BC9CEB8-8B4A-11D0-8D11-00A0C91BC942}") = "S2Qt", "S2Qt\S2Qt.vcxproj", "{CBD8A52C-9201-4953-A98F-2732EF0F6F98}"
EndProject
Project("{8BC9CEB8-8B4A-11D0-8D11-00A0C91BC942}") = "S2Renderer", "S2Renderer\S2Renderer.vcxproj", "{891D7C71-DF59-465C-B0E0-B170D3AF3CF6}"
EndProject
Project("{8BC9CEB8-8B4A-11D0-8D11-00A0C91BC942}") = "S2FontLibrary", "S2FontLibrary\S2FontLibrary.vcxproj", "{EE8DBA0B-B8B9-4ACA-B2CD-EB577B5B8E0F}"
EndProject
Project("{8BC9CEB8-8B4A-11D0-8D11-00A0C91BC942}") = "S2CAD", "S2CAD\S2CAD.vcxproj", "{A9DF3DA2-04E8-4D61-9616-51000797D523}"
	ProjectSection(ProjectDependencies) = postProject
		{891D7C71-DF59-465C-B0E0-B170D3AF3CF6} = {891D7C71-DF59-465C-B0E0-B170D3AF3CF6}
	EndProjectSection
EndProject
Project("{8BC9CEB8-8B4A-11D0-8D11-00A0C91BC942}") = "Core", "Core\Core.vcxproj", "{4EBE6028-3331-4D7E-8F56-43A5F42322AF}"
EndProject
Global
	GlobalSection(SolutionConfigurationPlatforms) = preSolution
		Debug|x64 = Debug|x64
		Debug|x86 = Debug|x86
		OIS_DebugDll|x64 = OIS_DebugDll|x64
		OIS_DebugDll|x86 = OIS_DebugDll|x86
		OIS_ReleaseDll|x64 = OIS_ReleaseDll|x64
		OIS_ReleaseDll|x86 = OIS_ReleaseDll|x86
		Release|x64 = Release|x64
		Release|x86 = Release|x86
	EndGlobalSection
	GlobalSection(ProjectConfigurationPlatforms) = postSolution
		{1B069435-A4B9-4ECD-9346-C2A9FF27C041}.Debug|x64.ActiveCfg = Debug|x64
		{1B069435-A4B9-4ECD-9346-C2A9FF27C041}.Debug|x64.Build.0 = Debug|x64
		{1B069435-A4B9-4ECD-9346-C2A9FF27C041}.Debug|x86.ActiveCfg = Debug|x64
		{1B069435-A4B9-4ECD-9346-C2A9FF27C041}.OIS_DebugDll|x64.ActiveCfg = Debug|x64
		{1B069435-A4B9-4ECD-9346-C2A9FF27C041}.OIS_DebugDll|x64.Build.0 = Debug|x64
		{1B069435-A4B9-4ECD-9346-C2A9FF27C041}.OIS_DebugDll|x86.ActiveCfg = Release|x64
		{1B069435-A4B9-4ECD-9346-C2A9FF27C041}.OIS_ReleaseDll|x64.ActiveCfg = Release|x64
		{1B069435-A4B9-4ECD-9346-C2A9FF27C041}.OIS_ReleaseDll|x64.Build.0 = Release|x64
		{1B069435-A4B9-4ECD-9346-C2A9FF27C041}.OIS_ReleaseDll|x86.ActiveCfg = Release|x64
		{1B069435-A4B9-4ECD-9346-C2A9FF27C041}.Release|x64.ActiveCfg = Release|x64
		{1B069435-A4B9-4ECD-9346-C2A9FF27C041}.Release|x64.Build.0 = Release|x64
		{1B069435-A4B9-4ECD-9346-C2A9FF27C041}.Release|x86.ActiveCfg = Release|x64
		{CBD8A52C-9201-4953-A98F-2732EF0F6F98}.Debug|x64.ActiveCfg = Debug|x64
		{CBD8A52C-9201-4953-A98F-2732EF0F6F98}.Debug|x64.Build.0 = Debug|x64
		{CBD8A52C-9201-4953-A98F-2732EF0F6F98}.Debug|x86.ActiveCfg = Debug|x64
		{CBD8A52C-9201-4953-A98F-2732EF0F6F98}.OIS_DebugDll|x64.ActiveCfg = Debug|x64
		{CBD8A52C-9201-4953-A98F-2732EF0F6F98}.OIS_DebugDll|x64.Build.0 = Debug|x64
		{CBD8A52C-9201-4953-A98F-2732EF0F6F98}.OIS_DebugDll|x86.ActiveCfg = Release|x64
		{CBD8A52C-9201-4953-A98F-2732EF0F6F98}.OIS_ReleaseDll|x64.ActiveCfg = Release|x64
		{CBD8A52C-9201-4953-A98F-2732EF0F6F98}.OIS_ReleaseDll|x64.Build.0 = Release|x64
		{CBD8A52C-9201-4953-A98F-2732EF0F6F98}.OIS_ReleaseDll|x86.ActiveCfg = Release|x64
		{CBD8A52C-9201-4953-A98F-2732EF0F6F98}.Release|x64.ActiveCfg = Release|x64
		{CBD8A52C-9201-4953-A98F-2732EF0F6F98}.Release|x64.Build.0 = Release|x64
		{CBD8A52C-9201-4953-A98F-2732EF0F6F98}.Release|x86.ActiveCfg = Release|x64
		{891D7C71-DF59-465C-B0E0-B170D3AF3CF6}.Debug|x64.ActiveCfg = Debug|x64
		{891D7C71-DF59-465C-B0E0-B170D3AF3CF6}.Debug|x64.Build.0 = Debug|x64
		{891D7C71-DF59-465C-B0E0-B170D3AF3CF6}.Debug|x86.ActiveCfg = Debug|x64
		{891D7C71-DF59-465C-B0E0-B170D3AF3CF6}.OIS_DebugDll|x64.ActiveCfg = Debug|x64
		{891D7C71-DF59-465C-B0E0-B170D3AF3CF6}.OIS_DebugDll|x64.Build.0 = Debug|x64
		{891D7C71-DF59-465C-B0E0-B170D3AF3CF6}.OIS_DebugDll|x86.ActiveCfg = Release|x64
		{891D7C71-DF59-465C-B0E0-B170D3AF3CF6}.OIS_ReleaseDll|x64.ActiveCfg = Release|x64
		{891D7C71-DF59-465C-B0E0-B170D3AF3CF6}.OIS_ReleaseDll|x64.Build.0 = Release|x64
		{891D7C71-DF59-465C-B0E0-B170D3AF3CF6}.OIS_ReleaseDll|x86.ActiveCfg = Release|x64
		{891D7C71-DF59-465C-B0E0-B170D3AF3CF6}.Release|x64.ActiveCfg = Release|x64
		{891D7C71-DF59-465C-B0E0-B170D3AF3CF6}.Release|x64.Build.0 = Release|x64
		{891D7C71-DF59-465C-B0E0-B170D3AF3CF6}.Release|x86.ActiveCfg = Release|x64
		{EE8DBA0B-B8B9-4ACA-B2CD-EB577B5B8E0F}.Debug|x64.ActiveCfg = Debug|x64
		{EE8DBA0B-B8B9-4ACA-B2CD-EB577B5B8E0F}.Debug|x64.Build.0 = Debug|x64
		{EE8DBA0B-B8B9-4ACA-B2CD-EB577B5B8E0F}.Debug|x86.ActiveCfg = Debug|x64
		{EE8DBA0B-B8B9-4ACA-B2CD-EB577B5B8E0F}.OIS_DebugDll|x64.ActiveCfg = Debug|x64
		{EE8DBA0B-B8B9-4ACA-B2CD-EB577B5B8E0F}.OIS_DebugDll|x64.Build.0 = Debug|x64
		{EE8DBA0B-B8B9-4ACA-B2CD-EB577B5B8E0F}.OIS_DebugDll|x86.ActiveCfg = Release|x64
		{EE8DBA0B-B8B9-4ACA-B2CD-EB577B5B8E0F}.OIS_ReleaseDll|x64.ActiveCfg = Release|x64
		{EE8DBA0B-B8B9-4ACA-B2CD-EB577B5B8E0F}.OIS_ReleaseDll|x64.Build.0 = Release|x64
		{EE8DBA0B-B8B9-4ACA-B2CD-EB577B5B8E0F}.OIS_ReleaseDll|x86.ActiveCfg = Release|x64
		{EE8DBA0B-B8B9-4ACA-B2CD-EB577B5B8E0F}.Release|x64.ActiveCfg = Release|x64
		{EE8DBA0B-B8B9-4ACA-B2CD-EB577B5B8E0F}.Release|x64.Build.0 = Release|x64
		{EE8DBA0B-B8B9-4ACA-B2CD-EB577B5B8E0F}.Release|x86.ActiveCfg = Release|x64
		{A9DF3DA2-04E8-4D61-9616-51000797D523}.Debug|x64.ActiveCfg = Debug|x64
		{A9DF3DA2-04E8-4D61-9616-51000797D523}.Debug|x64.Build.0 = Debug|x64
		{A9DF3DA2-04E8-4D61-9616-51000797D523}.Debug|x86.ActiveCfg = Debug|x64
		{A9DF3DA2-04E8-4D61-9616-51000797D523}.OIS_DebugDll|x64.ActiveCfg = Debug|x64
		{A9DF3DA2-04E8-4D61-9616-51000797D523}.OIS_DebugDll|x64.Build.0 = Debug|x64
		{A9DF3DA2-04E8-4D61-9616-51000797D523}.OIS_DebugDll|x86.ActiveCfg = Release|x64
		{A9DF3DA2-04E8-4D61-9616-51000797D523}.OIS_ReleaseDll|x64.ActiveCfg = Release|x64
		{A9DF3DA2-04E8-4D61-9616-51000797D523}.OIS_ReleaseDll|x64.Build.0 = Release|x64
		{A9DF3DA2-04E8-4D61-9616-51000797D523}.OIS_ReleaseDll|x86.ActiveCfg = Release|x64
		{A9DF3DA2-04E8-4D61-9616-51000797D523}.Release|x64.ActiveCfg = Release|x64
		{A9DF3DA2-04E8-4D61-9616-51000797D523}.Release|x64.Build.0 = Release|x64
		{A9DF3DA2-04E8-4D61-9616-51000797D523}.Release|x86.ActiveCfg = Release|x64
		{4EBE6028-3331-4D7E-8F56-43A5F42322AF}.Debug|x64.ActiveCfg = Debug|x64
		{4EBE6028-3331-4D7E-8F56-43A5F42322AF}.Debug|x64.Build.0 = Debug|x64
		{4EBE6028-3331-4D7E-8F56-43A5F42322AF}.Debug|x86.ActiveCfg = Debug|Win32
		{4EBE6028-3331-4D7E-8F56-43A5F42322AF}.Debug|x86.Build.0 = Debug|Win32
		{4EBE6028-3331-4D7E-8F56-43A5F42322AF}.OIS_DebugDll|x64.ActiveCfg = Debug|x64
		{4EBE6028-3331-4D7E-8F56-43A5F42322AF}.OIS_DebugDll|x64.Build.0 = Debug|x64
		{4EBE6028-3331-4D7E-8F56-43A5F42322AF}.OIS_DebugDll|x86.ActiveCfg = Debug|Win32
		{4EBE6028-3331-4D7E-8F56-43A5F42322AF}.OIS_DebugDll|x86.Build.0 = Debug|Win32
		{4EBE6028-3331-4D7E-8F56-43A5F42322AF}.OIS_ReleaseDll|x64.ActiveCfg = Release|x64
		{4EBE6028-3331-4D7E-8F56-43A5F42322AF}.OIS_ReleaseDll|x64.Build.0 = Release|x64
		{4EBE6028-3331-4D7E-8F56-43A5F42322AF}.OIS_ReleaseDll|x86.ActiveCfg = Release|Win32
		{4EBE6028-3331-4D7E-8F56-43A5F42322AF}.OIS_ReleaseDll|x86.Build.0 = Release|Win32
		{4EBE6028-3331-4D7E-8F56-43A5F42322AF}.Release|x64.ActiveCfg = Release|x64
		{4EBE6028-3331-4D7E-8F56-43A5F42322AF}.Release|x64.Build.0 = Release|x64
		{4EBE6028-3331-4D7E-8F56-43A5F42322AF}.Release|x86.ActiveCfg = Release|Win32
		{4EBE6028-3331-4D7E-8F56-43A5F42322AF}.Release|x86.Build.0 = Release|Win32
	EndGlobalSection
	GlobalSection(SolutionProperties) = preSolution
		HideSolutionNode = FALSE
	EndGlobalSection
EndGlobal
