
Microsoft Visual Studio Solution File, Format Version 11.00
# Visual Studio 2010
Project("{8BC9CEB8-8B4A-11D0-8D11-00A0C91BC942}") = "S2Framework", "S2Framework\S2Framework.vcxproj", "{1B069435-A4B9-4ECD-9346-C2A9FF27C041}"
EndProject
Project("{8BC9CEB8-8B4A-11D0-8D11-00A0C91BC942}") = "S2Qt", "S2Qt\S2Qt.vcxproj", "{CBD8A52C-9201-4953-A98F-2732EF0F6F98}"
	ProjectSection(ProjectDependencies) = postProject
		{4EBE6028-3331-4D7E-8F56-43A5F42322AF} = {4EBE6028-3331-4D7E-8F56-43A5F42322AF}
	EndProjectSection
EndProject
Project("{8BC9CEB8-8B4A-11D0-8D11-00A0C91BC942}") = "S2Renderer", "S2Renderer\S2Renderer.vcxproj", "{891D7C71-DF59-465C-B0E0-B170D3AF3CF6}"
	ProjectSection(ProjectDependencies) = postProject
		{4EBE6028-3331-4D7E-8F56-43A5F42322AF} = {4EBE6028-3331-4D7E-8F56-43A5F42322AF}
	EndProjectSection
EndProject
Project("{8BC9CEB8-8B4A-11D0-8D11-00A0C91BC942}") = "S2FontLibrary", "S2FontLibrary\S2FontLibrary.vcxproj", "{EE8DBA0B-B8B9-4ACA-B2CD-EB577B5B8E0F}"
EndProject
Project("{8BC9CEB8-8B4A-11D0-8D11-00A0C91BC942}") = "S2Common", "S2Common\S2Common.vcxproj", "{4EBE6028-3331-4D7E-8F56-43A5F42322AF}"
EndProject
Project("{8BC9CEB8-8B4A-11D0-8D11-00A0C91BC942}") = "S2CAD", "S2CAD\S2CAD.vcxproj", "{A9DF3DA2-04E8-4D61-9616-51000797D523}"
	ProjectSection(ProjectDependencies) = postProject
		{4EBE6028-3331-4D7E-8F56-43A5F42322AF} = {4EBE6028-3331-4D7E-8F56-43A5F42322AF}
		{891D7C71-DF59-465C-B0E0-B170D3AF3CF6} = {891D7C71-DF59-465C-B0E0-B170D3AF3CF6}
	EndProjectSection
EndProject
Global
	GlobalSection(SolutionConfigurationPlatforms) = preSolution
		Debug|Win32 = Debug|Win32
		OIS_DebugDll|Win32 = OIS_DebugDll|Win32
		OIS_ReleaseDll|Win32 = OIS_ReleaseDll|Win32
		Release|Win32 = Release|Win32
	EndGlobalSection
	GlobalSection(ProjectConfigurationPlatforms) = postSolution
		{1B069435-A4B9-4ECD-9346-C2A9FF27C041}.Debug|Win32.ActiveCfg = Debug|Win32
		{1B069435-A4B9-4ECD-9346-C2A9FF27C041}.Debug|Win32.Build.0 = Debug|Win32
		{1B069435-A4B9-4ECD-9346-C2A9FF27C041}.OIS_DebugDll|Win32.ActiveCfg = Debug|Win32
		{1B069435-A4B9-4ECD-9346-C2A9FF27C041}.OIS_DebugDll|Win32.Build.0 = Debug|Win32
		{1B069435-A4B9-4ECD-9346-C2A9FF27C041}.OIS_ReleaseDll|Win32.ActiveCfg = Release|Win32
		{1B069435-A4B9-4ECD-9346-C2A9FF27C041}.OIS_ReleaseDll|Win32.Build.0 = Release|Win32
		{1B069435-A4B9-4ECD-9346-C2A9FF27C041}.Release|Win32.ActiveCfg = Release|Win32
		{1B069435-A4B9-4ECD-9346-C2A9FF27C041}.Release|Win32.Build.0 = Release|Win32
		{CBD8A52C-9201-4953-A98F-2732EF0F6F98}.Debug|Win32.ActiveCfg = Debug|Win32
		{CBD8A52C-9201-4953-A98F-2732EF0F6F98}.Debug|Win32.Build.0 = Debug|Win32
		{CBD8A52C-9201-4953-A98F-2732EF0F6F98}.OIS_DebugDll|Win32.ActiveCfg = Debug|Win32
		{CBD8A52C-9201-4953-A98F-2732EF0F6F98}.OIS_DebugDll|Win32.Build.0 = Debug|Win32
		{CBD8A52C-9201-4953-A98F-2732EF0F6F98}.OIS_ReleaseDll|Win32.ActiveCfg = Release|Win32
		{CBD8A52C-9201-4953-A98F-2732EF0F6F98}.OIS_ReleaseDll|Win32.Build.0 = Release|Win32
		{CBD8A52C-9201-4953-A98F-2732EF0F6F98}.Release|Win32.ActiveCfg = Release|Win32
		{CBD8A52C-9201-4953-A98F-2732EF0F6F98}.Release|Win32.Build.0 = Release|Win32
		{891D7C71-DF59-465C-B0E0-B170D3AF3CF6}.Debug|Win32.ActiveCfg = Debug|Win32
		{891D7C71-DF59-465C-B0E0-B170D3AF3CF6}.Debug|Win32.Build.0 = Debug|Win32
		{891D7C71-DF59-465C-B0E0-B170D3AF3CF6}.OIS_DebugDll|Win32.ActiveCfg = Debug|Win32
		{891D7C71-DF59-465C-B0E0-B170D3AF3CF6}.OIS_DebugDll|Win32.Build.0 = Debug|Win32
		{891D7C71-DF59-465C-B0E0-B170D3AF3CF6}.OIS_ReleaseDll|Win32.ActiveCfg = Release|Win32
		{891D7C71-DF59-465C-B0E0-B170D3AF3CF6}.OIS_ReleaseDll|Win32.Build.0 = Release|Win32
		{891D7C71-DF59-465C-B0E0-B170D3AF3CF6}.Release|Win32.ActiveCfg = Release|Win32
		{891D7C71-DF59-465C-B0E0-B170D3AF3CF6}.Release|Win32.Build.0 = Release|Win32
		{EE8DBA0B-B8B9-4ACA-B2CD-EB577B5B8E0F}.Debug|Win32.ActiveCfg = Debug|Win32
		{EE8DBA0B-B8B9-4ACA-B2CD-EB577B5B8E0F}.Debug|Win32.Build.0 = Debug|Win32
		{EE8DBA0B-B8B9-4ACA-B2CD-EB577B5B8E0F}.OIS_DebugDll|Win32.ActiveCfg = Debug|Win32
		{EE8DBA0B-B8B9-4ACA-B2CD-EB577B5B8E0F}.OIS_DebugDll|Win32.Build.0 = Debug|Win32
		{EE8DBA0B-B8B9-4ACA-B2CD-EB577B5B8E0F}.OIS_ReleaseDll|Win32.ActiveCfg = Release|Win32
		{EE8DBA0B-B8B9-4ACA-B2CD-EB577B5B8E0F}.OIS_ReleaseDll|Win32.Build.0 = Release|Win32
		{EE8DBA0B-B8B9-4ACA-B2CD-EB577B5B8E0F}.Release|Win32.ActiveCfg = Release|Win32
		{EE8DBA0B-B8B9-4ACA-B2CD-EB577B5B8E0F}.Release|Win32.Build.0 = Release|Win32
		{4EBE6028-3331-4D7E-8F56-43A5F42322AF}.Debug|Win32.ActiveCfg = Debug|Win32
		{4EBE6028-3331-4D7E-8F56-43A5F42322AF}.Debug|Win32.Build.0 = Debug|Win32
		{4EBE6028-3331-4D7E-8F56-43A5F42322AF}.OIS_DebugDll|Win32.ActiveCfg = Debug|Win32
		{4EBE6028-3331-4D7E-8F56-43A5F42322AF}.OIS_DebugDll|Win32.Build.0 = Debug|Win32
		{4EBE6028-3331-4D7E-8F56-43A5F42322AF}.OIS_ReleaseDll|Win32.ActiveCfg = Release|Win32
		{4EBE6028-3331-4D7E-8F56-43A5F42322AF}.OIS_ReleaseDll|Win32.Build.0 = Release|Win32
		{4EBE6028-3331-4D7E-8F56-43A5F42322AF}.Release|Win32.ActiveCfg = Release|Win32
		{4EBE6028-3331-4D7E-8F56-43A5F42322AF}.Release|Win32.Build.0 = Release|Win32
		{A9DF3DA2-04E8-4D61-9616-51000797D523}.Debug|Win32.ActiveCfg = Debug|Win32
		{A9DF3DA2-04E8-4D61-9616-51000797D523}.Debug|Win32.Build.0 = Debug|Win32
		{A9DF3DA2-04E8-4D61-9616-51000797D523}.OIS_DebugDll|Win32.ActiveCfg = Debug|Win32
		{A9DF3DA2-04E8-4D61-9616-51000797D523}.OIS_DebugDll|Win32.Build.0 = Debug|Win32
		{A9DF3DA2-04E8-4D61-9616-51000797D523}.OIS_ReleaseDll|Win32.ActiveCfg = Release|Win32
		{A9DF3DA2-04E8-4D61-9616-51000797D523}.OIS_ReleaseDll|Win32.Build.0 = Release|Win32
		{A9DF3DA2-04E8-4D61-9616-51000797D523}.Release|Win32.ActiveCfg = Release|Win32
		{A9DF3DA2-04E8-4D61-9616-51000797D523}.Release|Win32.Build.0 = Release|Win32
	EndGlobalSection
	GlobalSection(SolutionProperties) = preSolution
		HideSolutionNode = FALSE
	EndGlobalSection
EndGlobal
