<?xml version="1.0" encoding="utf-8"?>
<Project ToolsVersion="4.0" xmlns="http://schemas.microsoft.com/developer/msbuild/2003">
  <ItemGroup>
    <Filter Include="src">
      <UniqueIdentifier>{f3f50ac4-28a4-4ad4-872b-439b8b04e867}</UniqueIdentifier>
    </Filter>
    <Filter Include="src\fonts">
      <UniqueIdentifier>{738b23c8-9c78-4efd-89f1-305c0dc379e4}</UniqueIdentifier>
    </Filter>
    <Filter Include="src\renderer">
      <UniqueIdentifier>{25c11b07-b058-450f-9b8b-066071201703}</UniqueIdentifier>
    </Filter>
    <Filter Include="src\view">
      <UniqueIdentifier>{343791ed-e7e5-4799-8435-f24faddf6818}</UniqueIdentifier>
    </Filter>
    <Filter Include="res">
      <UniqueIdentifier>{b38ba922-f0e5-49f8-a1ec-1ae231483b95}</UniqueIdentifier>
    </Filter>
    <Filter Include="res\shaders">
      <UniqueIdentifier>{2ee0d55e-87cc-48f2-b8cf-93bceb9e2f0d}</UniqueIdentifier>
    </Filter>
    <Filter Include="src\opengl">
      <UniqueIdentifier>{48819c35-3eb1-4aca-ad11-4fad8b5c84aa}</UniqueIdentifier>
    </Filter>
    <Filter Include="src\opengl\UniformTypes">
      <UniqueIdentifier>{48434ad6-a884-41d1-8fb8-7cbbc9f7e63e}</UniqueIdentifier>
    </Filter>
  </ItemGroup>
  <ItemGroup>
    <ClInclude Include="src\OpenGL\Program.h">
      <Filter>src\opengl</Filter>
    </ClInclude>
    <ClInclude Include="src\OpenGL\OpenGL.h">
      <Filter>src\opengl</Filter>
    </ClInclude>
    <ClInclude Include="src\OpenGL\Texture.h">
      <Filter>src\opengl</Filter>
    </ClInclude>
    <ClInclude Include="src\OpenGL\FrameBuffer.h">
      <Filter>src\opengl</Filter>
    </ClInclude>
    <ClInclude Include="src\OpenGL\Selection.h">
      <Filter>src\opengl</Filter>
    </ClInclude>
    <ClInclude Include="src\OpenGL\Tessellation.h">
      <Filter>src\opengl</Filter>
    </ClInclude>
    <ClInclude Include="src\Renderer\ClearState.h">
      <Filter>src\renderer</Filter>
    </ClInclude>
    <ClInclude Include="src\Renderer\RenderState.h">
      <Filter>src\renderer</Filter>
    </ClInclude>
    <ClInclude Include="src\Renderer\TextRenderer.h">
      <Filter>src\renderer</Filter>
    </ClInclude>
    <ClInclude Include="src\Renderer\Renderer_old.h">
      <Filter>src\renderer</Filter>
    </ClInclude>
    <ClInclude Include="src\Renderer\Renderer.h">
      <Filter>src\renderer</Filter>
    </ClInclude>
    <ClInclude Include="src\OpenGL\OpenGLWrap.h">
      <Filter>src\opengl</Filter>
    </ClInclude>
    <ClInclude Include="src\OpenGL\Context.h">
      <Filter>src\opengl</Filter>
    </ClInclude>
    <ClInclude Include="src\Renderer\DrawState.h">
      <Filter>src\renderer</Filter>
    </ClInclude>
    <ClInclude Include="src\OpenGL\Uniform.h">
      <Filter>src\opengl</Filter>
    </ClInclude>
    <ClInclude Include="src\Renderer\ViewState.h">
      <Filter>src\renderer</Filter>
    </ClInclude>
    <ClInclude Include="src\View\Camera.h">
      <Filter>src\view</Filter>
    </ClInclude>
    <ClInclude Include="src\View\TrackBall.h">
      <Filter>src\view</Filter>
    </ClInclude>
    <ClInclude Include="src\View\View.h">
      <Filter>src\view</Filter>
    </ClInclude>
    <ClInclude Include="src\OpenGL\UniformFloat.h">
      <Filter>src\opengl\UniformTypes</Filter>
    </ClInclude>
    <ClInclude Include="src\OpenGL\UniformFloatVector2.h">
      <Filter>src\opengl\UniformTypes</Filter>
    </ClInclude>
    <ClInclude Include="src\OpenGL\UniformFloatVector3.h">
      <Filter>src\opengl\UniformTypes</Filter>
    </ClInclude>
    <ClInclude Include="src\OpenGL\UniformFloatVector4.h">
      <Filter>src\opengl\UniformTypes</Filter>
    </ClInclude>
    <ClInclude Include="src\OpenGL\UniformInt.h">
      <Filter>src\opengl\UniformTypes</Filter>
    </ClInclude>
    <ClInclude Include="src\OpenGL\UniformIntVector2.h">
      <Filter>src\opengl\UniformTypes</Filter>
    </ClInclude>
    <ClInclude Include="src\OpenGL\UniformIntVector3.h">
      <Filter>src\opengl\UniformTypes</Filter>
    </ClInclude>
    <ClInclude Include="src\OpenGL\UniformIntVector4.h">
      <Filter>src\opengl\UniformTypes</Filter>
    </ClInclude>
    <ClInclude Include="src\OpenGL\UniformBool.h">
      <Filter>src\opengl\UniformTypes</Filter>
    </ClInclude>
    <ClInclude Include="src\OpenGL\UniformBoolVector2.h">
      <Filter>src\opengl\UniformTypes</Filter>
    </ClInclude>
    <ClInclude Include="src\OpenGL\UniformBoolVector3.h">
      <Filter>src\opengl\UniformTypes</Filter>
    </ClInclude>
    <ClInclude Include="src\OpenGL\UniformBoolVector4.h">
      <Filter>src\opengl\UniformTypes</Filter>
    </ClInclude>
    <ClInclude Include="src\OpenGL\UniformFloatMatrix22.h">
      <Filter>src\opengl\UniformTypes</Filter>
    </ClInclude>
    <ClInclude Include="src\OpenGL\UniformFloatMatrix33.h">
      <Filter>src\opengl\UniformTypes</Filter>
    </ClInclude>
    <ClInclude Include="src\OpenGL\UniformFloatMatrix44.h">
      <Filter>src\opengl\UniformTypes</Filter>
    </ClInclude>
    <ClInclude Include="src\OpenGL\UniformSampler.h">
      <Filter>src\opengl\UniformTypes</Filter>
    </ClInclude>
    <ClInclude Include="resource.h">
      <Filter>res</Filter>
    </ClInclude>
    <ClInclude Include="src\Fonts\FontNew.h">
      <Filter>src\fonts</Filter>
    </ClInclude>
    <ClInclude Include="src\OpenGL\VertexArray.h">
      <Filter>src\opengl</Filter>
    </ClInclude>
    <ClInclude Include="src\OpenGL\AttributeBuffer.h">
      <Filter>src\opengl</Filter>
    </ClInclude>
    <ClInclude Include="src\OpenGL\BufferObject.h">
      <Filter>src\opengl</Filter>
    </ClInclude>
    <ClInclude Include="src\OpenGL\IndexBuffer.h">
      <Filter>src\opengl</Filter>
    </ClInclude>
    <ClInclude Include="src\OpenGL\VertexBuffer.h">
      <Filter>src\opengl</Filter>
    </ClInclude>
    <ClInclude Include="src\OpenGL\Mesh.h">
      <Filter>src\opengl</Filter>
    </ClInclude>
    <ClInclude Include="src\Renderer_API.h" />
  </ItemGroup>
  <ItemGroup>
    <ClCompile Include="src\OpenGL\Program.cpp">
      <Filter>src\opengl</Filter>
    </ClCompile>
    <ClCompile Include="src\OpenGL\OpenGL.cpp">
      <Filter>src\opengl</Filter>
    </ClCompile>
    <ClCompile Include="src\OpenGL\FrameBuffer.cpp">
      <Filter>src\opengl</Filter>
    </ClCompile>
    <ClCompile Include="src\OpenGL\Selection.cpp">
      <Filter>src\opengl</Filter>
    </ClCompile>
    <ClCompile Include="src\OpenGL\Tessellation.cpp">
      <Filter>src\opengl</Filter>
    </ClCompile>
    <ClCompile Include="src\Renderer\TextRenderer.cpp">
      <Filter>src\renderer</Filter>
    </ClCompile>
    <ClCompile Include="src\Renderer\Renderer_old.cpp">
      <Filter>src\renderer</Filter>
    </ClCompile>
    <ClCompile Include="src\Renderer\Renderer.cpp">
      <Filter>src\renderer</Filter>
    </ClCompile>
    <ClCompile Include="src\OpenGL\Texture.cpp">
      <Filter>src\opengl</Filter>
    </ClCompile>
    <ClCompile Include="src\OpenGL\OpenGLWrap.cpp">
      <Filter>src\opengl</Filter>
    </ClCompile>
    <ClCompile Include="src\OpenGL\Context.cpp">
      <Filter>src\opengl</Filter>
    </ClCompile>
    <ClCompile Include="src\OpenGL\Uniform.cpp">
      <Filter>src\opengl</Filter>
    </ClCompile>
    <ClCompile Include="src\Renderer\ViewState.cpp">
      <Filter>src\renderer</Filter>
    </ClCompile>
    <ClCompile Include="src\View\Camera.cpp">
      <Filter>src\view</Filter>
    </ClCompile>
    <ClCompile Include="src\View\Camera_old.cpp">
      <Filter>src\view</Filter>
    </ClCompile>
    <ClCompile Include="src\View\TrackBall.cpp">
      <Filter>src\view</Filter>
    </ClCompile>
    <ClCompile Include="src\View\View.cpp">
      <Filter>src\view</Filter>
    </ClCompile>
    <ClCompile Include="src\Fonts\FontNew.cpp">
      <Filter>src\fonts</Filter>
    </ClCompile>
    <ClCompile Include="src\OpenGL\VertexArray.cpp">
      <Filter>src\opengl</Filter>
    </ClCompile>
    <ClCompile Include="src\OpenGL\AttributeBuffer.cpp">
      <Filter>src\opengl</Filter>
    </ClCompile>
    <ClCompile Include="src\OpenGL\BufferObject.cpp">
      <Filter>src\opengl</Filter>
    </ClCompile>
    <ClCompile Include="src\OpenGL\IndexBuffer.cpp">
      <Filter>src\opengl</Filter>
    </ClCompile>
    <ClCompile Include="src\OpenGL\VertexBuffer.cpp">
      <Filter>src\opengl</Filter>
    </ClCompile>
    <ClCompile Include="src\OpenGL\Mesh.cpp">
      <Filter>src\opengl</Filter>
    </ClCompile>
    <ClCompile Include="..\..\ExtLibs\glew-2.1.0\src\glew.c">
      <Filter>src\opengl</Filter>
    </ClCompile>
  </ItemGroup>
  <ItemGroup>
    <None Include="res\FontShader.fs">
      <Filter>res\shaders</Filter>
    </None>
    <None Include="res\FontShader.vs">
      <Filter>res\shaders</Filter>
    </None>
    <None Include="MakeSDK.bat" />
  </ItemGroup>
  <ItemGroup>
    <ResourceCompile Include="Renderer.rc">
      <Filter>res</Filter>
    </ResourceCompile>
  </ItemGroup>
</Project>